PODS:
  - Flutter (1.0.0)
  - HyperCore (0.0.10)
  - HyperSDK (2.2.4):
    - HyperCore (= 0.0.10)
    - JuspaySafeBrowser (= 0.1.88)
  - hypersdkflutter (4.0.55):
    - Flutter
    - HyperSDK (= 2.2.4)
  - JuspaySafeBrowser (0.1.88)

DEPENDENCIES:
  - Flutter (from `Flutter`)
  - hypersdkflutter (from `.symlinks/plugins/hypersdkflutter/ios`)

SPEC REPOS:
  trunk:
    - HyperCore
    - HyperSDK
    - JuspaySafeBrowser

EXTERNAL SOURCES:
  Flutter:
    :path: Flutter
  hypersdkflutter:
    :path: ".symlinks/plugins/hypersdkflutter/ios"

SPEC CHECKSUMS:
  Flutter: cabc95a1d2626b1b06e7179b784ebcf0c0cde467
  HyperCore: c4bd7222c69e3d68db8bb1ca2e40c43fd5f4127f
  HyperSDK: 891cfc69cf3befad4fd0951297a93801c4a6627d
  hypersdkflutter: cd0dab8752650c09458e5436ef83f653f6108d13
  JuspaySafeBrowser: 04ad004fa85e9db766d4e2af45f60ac6b5eeba61

PODFILE CHECKSUM: 5d756f17ad2f0445d3b44517f147ac3e9ab8bc23

COCOAPODS: 1.16.2
