PODS:
  - advertising_id (0.0.1):
    - Flutter
  - Airborne (0.37.0)
  - CTNotificationContent (1.5.1):
    - SDWebImage (~> 5.11)
  - CTNotificationService (0.1.7)
  - Flutter (1.0.0)
  - flutter_fgbg (0.0.1):
    - Flutter
  - HyperCore (1.0.6)
  - HyperSDK (2.2.8.3):
    - Airborne (= 0.37.0)
    - HyperCore (= 1.0.6)
    - JuspaySafeBrowser (= 0.1.94)
  - hypersdkflutter (4.0.58):
    - Flutter
    - HyperSDK (= 2.2.8.3)
  - JuspaySafeBrowser (0.1.94)
  - SDWebImage (5.21.7):
    - SDWebImage/Core (= 5.21.7)
  - SDWebImage/Core (5.21.7)
  - segment_analytics (0.0.1):
    - Flutter

DEPENDENCIES:
  - advertising_id (from `.symlinks/plugins/advertising_id/ios`)
  - CTNotificationContent
  - CTNotificationService
  - Flutter (from `Flutter`)
  - flutter_fgbg (from `.symlinks/plugins/flutter_fgbg/ios`)
  - hypersdkflutter (from `.symlinks/plugins/hypersdkflutter/ios`)
  - segment_analytics (from `.symlinks/plugins/segment_analytics/ios`)

SPEC REPOS:
  trunk:
    - Airborne
    - CTNotificationContent
    - CTNotificationService
    - HyperCore
    - HyperSDK
    - JuspaySafeBrowser
    - SDWebImage

EXTERNAL SOURCES:
  advertising_id:
    :path: ".symlinks/plugins/advertising_id/ios"
  Flutter:
    :path: Flutter
  flutter_fgbg:
    :path: ".symlinks/plugins/flutter_fgbg/ios"
  hypersdkflutter:
    :path: ".symlinks/plugins/hypersdkflutter/ios"
  segment_analytics:
    :path: ".symlinks/plugins/segment_analytics/ios"

SPEC CHECKSUMS:
  advertising_id: d5de9e659986092d7ca50977dc50f4f4fcd4c30a
  Airborne: 118490096542972c3f208cc2d711a44b2b637bad
  CTNotificationContent: d2314c3f601546bd03114e410b8a67ffd38e2696
  CTNotificationService: 3eceea27cf0e28a2e14267bb706013363eb620c6
  Flutter: 71a624a5bc0c04062bf19101d501e466baf2fb47
  flutter_fgbg: d3da78df78454b1808f0829a5da9cd17dfe16444
  HyperCore: f26ac9df295588350b9e9e0b38fac90ee1780b49
  HyperSDK: 6b07731b0921b23854ba0478195f81f7fae86e8f
  hypersdkflutter: bac9e7a555fe6a17015ef29beb6fbdca92f13a07
  JuspaySafeBrowser: 8141eb92fe4d77da997907a0c5eadc0616bce2fa
  SDWebImage: e9fc87c1aab89a8ab1bbd74eba378c6f53be8abf
  segment_analytics: 74650ab14e31db0a16a1599dbc11aabd644192a6

PODFILE CHECKSUM: 0fdeca0bc09779b53785a986acc09e0d5e0e4cfe

COCOAPODS: 1.17.0
